speakeasyVersion: 1.405.4
sources:
    Wayfaster-OAS:
        sourceNamespace: wayfaster-oas
        sourceRevisionDigest: sha256:ccbfbd3a8677e87f3d6daec12d01ca9e0f67504c67191f3a2996fd0cb62623b9
        sourceBlobDigest: sha256:9abe62f10096cbe581511c94cf2bf4753dbec610283c7ff1935a560c07a80ead
        tags:
            - latest
targets:
    wayfaster:
        source: Wayfaster-OAS
        sourceNamespace: wayfaster-oas
        sourceRevisionDigest: sha256:ccbfbd3a8677e87f3d6daec12d01ca9e0f67504c67191f3a2996fd0cb62623b9
        sourceBlobDigest: sha256:9abe62f10096cbe581511c94cf2bf4753dbec610283c7ff1935a560c07a80ead
workflow:
    workflowVersion: 1.0.0
    speakeasyVersion: latest
    sources:
        Wayfaster-OAS:
            inputs:
                - location: ../openapi.yaml
            overlays:
                - location: .speakeasy/speakeasy-modifications-overlay-1.yaml
            registry:
                location: registry.speakeasyapi.dev/interviewer/wayfaster/wayfaster-oas
    targets:
        wayfaster:
            target: python
            source: Wayfaster-OAS
            publish:
                pypi:
                    token: $pypi_token
