speakeasyVersion: 1.405.4
sources:
    Wayfaster-OAS:
        sourceNamespace: wayfaster-oas
        sourceRevisionDigest: sha256:e179339c5fb2c46c2e3d531cb74379e9c01ed974692189823036feaf99fab785
        sourceBlobDigest: sha256:7d1e4316f16bee5bfc6f1a93a50fef42918dbdcf1756b36d5b0c89d00e36749b
        tags:
            - latest
targets:
    wayfaster:
        source: Wayfaster-OAS
        sourceNamespace: wayfaster-oas
        sourceRevisionDigest: sha256:e179339c5fb2c46c2e3d531cb74379e9c01ed974692189823036feaf99fab785
        sourceBlobDigest: sha256:7d1e4316f16bee5bfc6f1a93a50fef42918dbdcf1756b36d5b0c89d00e36749b
workflow:
    workflowVersion: 1.0.0
    speakeasyVersion: latest
    sources:
        Wayfaster-OAS:
            inputs:
                - location: ../openapi.yaml
            overlays:
                - location: .speakeasy/speakeasy-modifications-overlay-1.yaml
            registry:
                location: registry.speakeasyapi.dev/interviewer/wayfaster/wayfaster-oas
    targets:
        wayfaster:
            target: python
            source: Wayfaster-OAS
            publish:
                pypi:
                    token: $pypi_token
